
Microsoft Visual Studio Solution File, Format Version 12.00
# Visual Studio Version 17
VisualStudioVersion = 17.9.34622.214
MinimumVisualStudioVersion = 10.0.40219.1
Project("{9A19103F-16F7-4668-BE54-9A1E7A4F7556}") = "Core", "Core\Core.csproj", "{A744624B-176B-44B2-8644-541480B6B806}"
EndProject
Global
	GlobalSection(SolutionConfigurationPlatforms) = preSolution
		Debug|Any CPU = Debug|Any CPU
		Release|Any CPU = Release|Any CPU
	EndGlobalSection
	GlobalSection(ProjectConfigurationPlatforms) = postSolution
		{A744624B-176B-44B2-8644-541480B6B806}.Debug|Any CPU.ActiveCfg = Debug|Any CPU
		{A744624B-176B-44B2-8644-541480B6B806}.Debug|Any CPU.Build.0 = Debug|Any CPU
		{A744624B-176B-44B2-8644-541480B6B806}.Release|Any CPU.ActiveCfg = Release|Any CPU
		{A744624B-176B-44B2-8644-541480B6B806}.Release|Any CPU.Build.0 = Release|Any CPU
	EndGlobalSection
	GlobalSection(SolutionProperties) = preSolution
		HideSolutionNode = FALSE
	EndGlobalSection
	GlobalSection(ExtensibilityGlobals) = postSolution
		SolutionGuid = {54249422-2A80-4F0B-A7BE-EF0CDE0D6598}
	EndGlobalSection
EndGlobal
